
Microsoft Visual Studio Solution File, Format Version 12.00
# Visual Studio Version 17
VisualStudioVersion = 17.1.32210.238
MinimumVisualStudioVersion = 10.0.40219.1
Project("{FAE04EC0-301F-11D3-BF4B-00C04F79EFBC}") = "BLL", "BLL\BLL.csproj", "{D909F684-1F79-442D-9F01-3E84E8A0A0A7}"
EndProject
Project("{FAE04EC0-301F-11D3-BF4B-00C04F79EFBC}") = "DAL", "DAL\DAL.csproj", "{C99B9659-4C99-4EA0-B72C-F618CFCAC308}"
EndProject
Project("{FAE04EC0-301F-11D3-BF4B-00C04F79EFBC}") = "WFA.McAdam", "WFA.McAdam\WFA.McAdam.csproj", "{E419A5F7-C5C6-4CF7-A33E-FD46B3277D27}"
EndProject
Project("{FAE04EC0-301F-11D3-BF4B-00C04F79EFBC}") = "Web.UI", "Web.UI\Web.UI.csproj", "{00AFCB24-F803-4412-8F23-B1B306102832}"
EndProject
Global
	GlobalSection(SolutionConfigurationPlatforms) = preSolution
		Debug|Any CPU = Debug|Any CPU
		Release|Any CPU = Release|Any CPU
	EndGlobalSection
	GlobalSection(ProjectConfigurationPlatforms) = postSolution
		{D909F684-1F79-442D-9F01-3E84E8A0A0A7}.Debug|Any CPU.ActiveCfg = Debug|Any CPU
		{D909F684-1F79-442D-9F01-3E84E8A0A0A7}.Debug|Any CPU.Build.0 = Debug|Any CPU
		{D909F684-1F79-442D-9F01-3E84E8A0A0A7}.Release|Any CPU.ActiveCfg = Release|Any CPU
		{D909F684-1F79-442D-9F01-3E84E8A0A0A7}.Release|Any CPU.Build.0 = Release|Any CPU
		{C99B9659-4C99-4EA0-B72C-F618CFCAC308}.Debug|Any CPU.ActiveCfg = Debug|Any CPU
		{C99B9659-4C99-4EA0-B72C-F618CFCAC308}.Debug|Any CPU.Build.0 = Debug|Any CPU
		{C99B9659-4C99-4EA0-B72C-F618CFCAC308}.Release|Any CPU.ActiveCfg = Release|Any CPU
		{C99B9659-4C99-4EA0-B72C-F618CFCAC308}.Release|Any CPU.Build.0 = Release|Any CPU
		{E419A5F7-C5C6-4CF7-A33E-FD46B3277D27}.Debug|Any CPU.ActiveCfg = Debug|Any CPU
		{E419A5F7-C5C6-4CF7-A33E-FD46B3277D27}.Debug|Any CPU.Build.0 = Debug|Any CPU
		{E419A5F7-C5C6-4CF7-A33E-FD46B3277D27}.Release|Any CPU.ActiveCfg = Release|Any CPU
		{E419A5F7-C5C6-4CF7-A33E-FD46B3277D27}.Release|Any CPU.Build.0 = Release|Any CPU
		{00AFCB24-F803-4412-8F23-B1B306102832}.Debug|Any CPU.ActiveCfg = Debug|Any CPU
		{00AFCB24-F803-4412-8F23-B1B306102832}.Debug|Any CPU.Build.0 = Debug|Any CPU
		{00AFCB24-F803-4412-8F23-B1B306102832}.Release|Any CPU.ActiveCfg = Release|Any CPU
		{00AFCB24-F803-4412-8F23-B1B306102832}.Release|Any CPU.Build.0 = Release|Any CPU
	EndGlobalSection
	GlobalSection(SolutionProperties) = preSolution
		HideSolutionNode = FALSE
	EndGlobalSection
	GlobalSection(ExtensibilityGlobals) = postSolution
		SolutionGuid = {8DD03216-0935-4DF4-A712-38EEF386FFC3}
	EndGlobalSection
EndGlobal
